
Microsoft Visual Studio Solution File, Format Version 12.00
# Visual Studio 2013
VisualStudioVersion = 12.0.40629.0
MinimumVisualStudioVersion = 10.0.40219.1
Project("{FAE04EC0-301F-11D3-BF4B-00C04F79EFBC}") = "DeNSo.Core", "DeNSo.Core\DeNSo.Core.csproj", "{3B145C16-3E12-4D0C-A7A7-73AC86D0804D}"
EndProject
Project("{FAE04EC0-301F-11D3-BF4B-00C04F79EFBC}") = "DeNSo.Meta", "DeNSo.Meta\DeNSo.Meta.csproj", "{AFFE6C48-96FD-4CF5-A205-055732A90032}"
EndProject
Project("{2150E333-8FDC-42A3-9474-1A3956D46DE8}") = ".nuget", ".nuget", "{71F6EB6B-AC20-401C-AF8B-277A1DEB788A}"
	ProjectSection(SolutionItems) = preProject
		.nuget\NuGet.Config = .nuget\NuGet.Config
		.nuget\NuGet.exe = .nuget\NuGet.exe
		.nuget\NuGet.targets = .nuget\NuGet.targets
	EndProjectSection
EndProject
Project("{FAE04EC0-301F-11D3-BF4B-00C04F79EFBC}") = "DeNSo.Client.InProcess", "DeNSo.Client.InProcess\DeNSo.Client.InProcess.csproj", "{89BAC01D-3187-40FA-9519-B35741523A60}"
EndProject
Project("{FAE04EC0-301F-11D3-BF4B-00C04F79EFBC}") = "DeNSo.Server", "DeNSo.Server\DeNSo.Server.csproj", "{DC31D1ED-EA3C-4E45-963D-6037D16F0D97}"
EndProject
Project("{FAE04EC0-301F-11D3-BF4B-00C04F79EFBC}") = "DeNSo.Client.Rest", "DeNSo.Client.Rest\DeNSo.Client.Rest.csproj", "{99328297-D0A3-430C-BDE2-7729CAFBED47}"
EndProject
Project("{2150E333-8FDC-42A3-9474-1A3956D46DE8}") = "Solution Items", "Solution Items", "{BFD1AA2D-4E84-4C70-B6C7-23BB710B45A1}"
	ProjectSection(SolutionItems) = preProject
		densodb.nuspec = densodb.nuspec
		densodb.rest.client.nuspec = densodb.rest.client.nuspec
		README.markdown = README.markdown
	EndProjectSection
EndProject
Project("{2150E333-8FDC-42A3-9474-1A3956D46DE8}") = "plugins", "plugins", "{0C35961D-C1DC-4573-97B3-57E56A44D792}"
EndProject
Project("{FAE04EC0-301F-11D3-BF4B-00C04F79EFBC}") = "DeNSo.plugin.replica", "DensoDb..plugin.Replica\DeNSo.plugin.replica.csproj", "{F8A0CC5C-F36C-403A-B369-5F66D3089D32}"
EndProject
Project("{FAE04EC0-301F-11D3-BF4B-00C04F79EFBC}") = "DeNSo.plugin.validation", "DeNSo.plugin.validation\DeNSo.plugin.validation.csproj", "{4869C9EA-9CF1-4C55-A013-557546BFF510}"
EndProject
Project("{FAE04EC0-301F-11D3-BF4B-00C04F79EFBC}") = "DeNSo.plugin.p2p", "DeNSo.plugin.p2p\DeNSo.plugin.p2p.csproj", "{0AB6680D-A971-4CC8-B23E-3AE50D94523E}"
EndProject
Project("{FAE04EC0-301F-11D3-BF4B-00C04F79EFBC}") = "DeNSo.plugin.security", "DeNSo.plugin.security\DeNSo.plugin.security.csproj", "{EA006889-88E1-4460-9024-63846F404FE4}"
EndProject
Project("{FAE04EC0-301F-11D3-BF4B-00C04F79EFBC}") = "DeNSo.plugin.indexing", "DeNSo.plugin.indexing\DeNSo.plugin.indexing.csproj", "{A9AAB607-1A50-4EED-9EA3-2AD2D95FFD48}"
EndProject
Project("{FAE04EC0-301F-11D3-BF4B-00C04F79EFBC}") = "DeNSo.plugin.sharding", "DeNSo.plugin.sharding\DeNSo.plugin.sharding.csproj", "{9E97F4EB-DA6D-4051-B927-C2F71EF1B854}"
EndProject
Project("{FAE04EC0-301F-11D3-BF4B-00C04F79EFBC}") = "DeNSo.plugin.raid", "DeNSo.plugin.raid\DeNSo.plugin.raid.csproj", "{6AA62639-32F5-475D-92AF-8C79AA949582}"
EndProject
Project("{2150E333-8FDC-42A3-9474-1A3956D46DE8}") = "Core", "Core", "{68E480ED-A58A-4981-9683-029253B46343}"
EndProject
Project("{2150E333-8FDC-42A3-9474-1A3956D46DE8}") = "test", "test", "{D05B29F2-71B7-4BF1-84D5-CD96FBB34368}"
EndProject
Project("{FAE04EC0-301F-11D3-BF4B-00C04F79EFBC}") = "UnitTest", "test\UnitTest\UnitTest.csproj", "{DA76B962-4E8E-42C9-8711-C500E3308D9A}"
EndProject
Project("{FAE04EC0-301F-11D3-BF4B-00C04F79EFBC}") = "test2", "test2\test2.csproj", "{D91C75AC-6C49-4C48-89C8-40A4518057A3}"
EndProject
Global
	GlobalSection(SolutionConfigurationPlatforms) = preSolution
		Debug|Any CPU = Debug|Any CPU
		Debug|Mixed Platforms = Debug|Mixed Platforms
		Debug|x86 = Debug|x86
		Release|Any CPU = Release|Any CPU
		Release|Mixed Platforms = Release|Mixed Platforms
		Release|x86 = Release|x86
	EndGlobalSection
	GlobalSection(ProjectConfigurationPlatforms) = postSolution
		{3B145C16-3E12-4D0C-A7A7-73AC86D0804D}.Debug|Any CPU.ActiveCfg = Debug|Any CPU
		{3B145C16-3E12-4D0C-A7A7-73AC86D0804D}.Debug|Any CPU.Build.0 = Debug|Any CPU
		{3B145C16-3E12-4D0C-A7A7-73AC86D0804D}.Debug|Mixed Platforms.ActiveCfg = Debug|Any CPU
		{3B145C16-3E12-4D0C-A7A7-73AC86D0804D}.Debug|Mixed Platforms.Build.0 = Debug|Any CPU
		{3B145C16-3E12-4D0C-A7A7-73AC86D0804D}.Debug|x86.ActiveCfg = Debug|Any CPU
		{3B145C16-3E12-4D0C-A7A7-73AC86D0804D}.Release|Any CPU.ActiveCfg = Release|Any CPU
		{3B145C16-3E12-4D0C-A7A7-73AC86D0804D}.Release|Any CPU.Build.0 = Release|Any CPU
		{3B145C16-3E12-4D0C-A7A7-73AC86D0804D}.Release|Mixed Platforms.ActiveCfg = Release|Any CPU
		{3B145C16-3E12-4D0C-A7A7-73AC86D0804D}.Release|Mixed Platforms.Build.0 = Release|Any CPU
		{3B145C16-3E12-4D0C-A7A7-73AC86D0804D}.Release|x86.ActiveCfg = Release|Any CPU
		{AFFE6C48-96FD-4CF5-A205-055732A90032}.Debug|Any CPU.ActiveCfg = Debug|Any CPU
		{AFFE6C48-96FD-4CF5-A205-055732A90032}.Debug|Any CPU.Build.0 = Debug|Any CPU
		{AFFE6C48-96FD-4CF5-A205-055732A90032}.Debug|Mixed Platforms.ActiveCfg = Debug|Any CPU
		{AFFE6C48-96FD-4CF5-A205-055732A90032}.Debug|Mixed Platforms.Build.0 = Debug|Any CPU
		{AFFE6C48-96FD-4CF5-A205-055732A90032}.Debug|x86.ActiveCfg = Debug|Any CPU
		{AFFE6C48-96FD-4CF5-A205-055732A90032}.Release|Any CPU.ActiveCfg = Release|Any CPU
		{AFFE6C48-96FD-4CF5-A205-055732A90032}.Release|Any CPU.Build.0 = Release|Any CPU
		{AFFE6C48-96FD-4CF5-A205-055732A90032}.Release|Mixed Platforms.ActiveCfg = Release|Any CPU
		{AFFE6C48-96FD-4CF5-A205-055732A90032}.Release|Mixed Platforms.Build.0 = Release|Any CPU
		{AFFE6C48-96FD-4CF5-A205-055732A90032}.Release|x86.ActiveCfg = Release|Any CPU
		{89BAC01D-3187-40FA-9519-B35741523A60}.Debug|Any CPU.ActiveCfg = Debug|Any CPU
		{89BAC01D-3187-40FA-9519-B35741523A60}.Debug|Any CPU.Build.0 = Debug|Any CPU
		{89BAC01D-3187-40FA-9519-B35741523A60}.Debug|Mixed Platforms.ActiveCfg = Debug|Any CPU
		{89BAC01D-3187-40FA-9519-B35741523A60}.Debug|Mixed Platforms.Build.0 = Debug|Any CPU
		{89BAC01D-3187-40FA-9519-B35741523A60}.Debug|x86.ActiveCfg = Debug|Any CPU
		{89BAC01D-3187-40FA-9519-B35741523A60}.Release|Any CPU.ActiveCfg = Release|Any CPU
		{89BAC01D-3187-40FA-9519-B35741523A60}.Release|Any CPU.Build.0 = Release|Any CPU
		{89BAC01D-3187-40FA-9519-B35741523A60}.Release|Mixed Platforms.ActiveCfg = Release|Any CPU
		{89BAC01D-3187-40FA-9519-B35741523A60}.Release|Mixed Platforms.Build.0 = Release|Any CPU
		{89BAC01D-3187-40FA-9519-B35741523A60}.Release|x86.ActiveCfg = Release|Any CPU
		{DC31D1ED-EA3C-4E45-963D-6037D16F0D97}.Debug|Any CPU.ActiveCfg = Debug|Any CPU
		{DC31D1ED-EA3C-4E45-963D-6037D16F0D97}.Debug|Any CPU.Build.0 = Debug|Any CPU
		{DC31D1ED-EA3C-4E45-963D-6037D16F0D97}.Debug|Mixed Platforms.ActiveCfg = Debug|Any CPU
		{DC31D1ED-EA3C-4E45-963D-6037D16F0D97}.Debug|Mixed Platforms.Build.0 = Debug|Any CPU
		{DC31D1ED-EA3C-4E45-963D-6037D16F0D97}.Debug|x86.ActiveCfg = Debug|Any CPU
		{DC31D1ED-EA3C-4E45-963D-6037D16F0D97}.Release|Any CPU.ActiveCfg = Release|Any CPU
		{DC31D1ED-EA3C-4E45-963D-6037D16F0D97}.Release|Any CPU.Build.0 = Release|Any CPU
		{DC31D1ED-EA3C-4E45-963D-6037D16F0D97}.Release|Mixed Platforms.ActiveCfg = Release|Any CPU
		{DC31D1ED-EA3C-4E45-963D-6037D16F0D97}.Release|Mixed Platforms.Build.0 = Release|Any CPU
		{DC31D1ED-EA3C-4E45-963D-6037D16F0D97}.Release|x86.ActiveCfg = Release|Any CPU
		{99328297-D0A3-430C-BDE2-7729CAFBED47}.Debug|Any CPU.ActiveCfg = Debug|Any CPU
		{99328297-D0A3-430C-BDE2-7729CAFBED47}.Debug|Any CPU.Build.0 = Debug|Any CPU
		{99328297-D0A3-430C-BDE2-7729CAFBED47}.Debug|Mixed Platforms.ActiveCfg = Debug|Any CPU
		{99328297-D0A3-430C-BDE2-7729CAFBED47}.Debug|Mixed Platforms.Build.0 = Debug|Any CPU
		{99328297-D0A3-430C-BDE2-7729CAFBED47}.Debug|x86.ActiveCfg = Debug|Any CPU
		{99328297-D0A3-430C-BDE2-7729CAFBED47}.Release|Any CPU.ActiveCfg = Release|Any CPU
		{99328297-D0A3-430C-BDE2-7729CAFBED47}.Release|Any CPU.Build.0 = Release|Any CPU
		{99328297-D0A3-430C-BDE2-7729CAFBED47}.Release|Mixed Platforms.ActiveCfg = Release|Any CPU
		{99328297-D0A3-430C-BDE2-7729CAFBED47}.Release|Mixed Platforms.Build.0 = Release|Any CPU
		{99328297-D0A3-430C-BDE2-7729CAFBED47}.Release|x86.ActiveCfg = Release|Any CPU
		{F8A0CC5C-F36C-403A-B369-5F66D3089D32}.Debug|Any CPU.ActiveCfg = Debug|Any CPU
		{F8A0CC5C-F36C-403A-B369-5F66D3089D32}.Debug|Any CPU.Build.0 = Debug|Any CPU
		{F8A0CC5C-F36C-403A-B369-5F66D3089D32}.Debug|Mixed Platforms.ActiveCfg = Debug|Any CPU
		{F8A0CC5C-F36C-403A-B369-5F66D3089D32}.Debug|Mixed Platforms.Build.0 = Debug|Any CPU
		{F8A0CC5C-F36C-403A-B369-5F66D3089D32}.Debug|x86.ActiveCfg = Debug|Any CPU
		{F8A0CC5C-F36C-403A-B369-5F66D3089D32}.Release|Any CPU.ActiveCfg = Release|Any CPU
		{F8A0CC5C-F36C-403A-B369-5F66D3089D32}.Release|Any CPU.Build.0 = Release|Any CPU
		{F8A0CC5C-F36C-403A-B369-5F66D3089D32}.Release|Mixed Platforms.ActiveCfg = Release|Any CPU
		{F8A0CC5C-F36C-403A-B369-5F66D3089D32}.Release|Mixed Platforms.Build.0 = Release|Any CPU
		{F8A0CC5C-F36C-403A-B369-5F66D3089D32}.Release|x86.ActiveCfg = Release|Any CPU
		{4869C9EA-9CF1-4C55-A013-557546BFF510}.Debug|Any CPU.ActiveCfg = Debug|Any CPU
		{4869C9EA-9CF1-4C55-A013-557546BFF510}.Debug|Any CPU.Build.0 = Debug|Any CPU
		{4869C9EA-9CF1-4C55-A013-557546BFF510}.Debug|Mixed Platforms.ActiveCfg = Debug|Any CPU
		{4869C9EA-9CF1-4C55-A013-557546BFF510}.Debug|Mixed Platforms.Build.0 = Debug|Any CPU
		{4869C9EA-9CF1-4C55-A013-557546BFF510}.Debug|x86.ActiveCfg = Debug|Any CPU
		{4869C9EA-9CF1-4C55-A013-557546BFF510}.Release|Any CPU.ActiveCfg = Release|Any CPU
		{4869C9EA-9CF1-4C55-A013-557546BFF510}.Release|Any CPU.Build.0 = Release|Any CPU
		{4869C9EA-9CF1-4C55-A013-557546BFF510}.Release|Mixed Platforms.ActiveCfg = Release|Any CPU
		{4869C9EA-9CF1-4C55-A013-557546BFF510}.Release|Mixed Platforms.Build.0 = Release|Any CPU
		{4869C9EA-9CF1-4C55-A013-557546BFF510}.Release|x86.ActiveCfg = Release|Any CPU
		{0AB6680D-A971-4CC8-B23E-3AE50D94523E}.Debug|Any CPU.ActiveCfg = Debug|Any CPU
		{0AB6680D-A971-4CC8-B23E-3AE50D94523E}.Debug|Any CPU.Build.0 = Debug|Any CPU
		{0AB6680D-A971-4CC8-B23E-3AE50D94523E}.Debug|Mixed Platforms.ActiveCfg = Debug|Any CPU
		{0AB6680D-A971-4CC8-B23E-3AE50D94523E}.Debug|Mixed Platforms.Build.0 = Debug|Any CPU
		{0AB6680D-A971-4CC8-B23E-3AE50D94523E}.Debug|x86.ActiveCfg = Debug|Any CPU
		{0AB6680D-A971-4CC8-B23E-3AE50D94523E}.Release|Any CPU.ActiveCfg = Release|Any CPU
		{0AB6680D-A971-4CC8-B23E-3AE50D94523E}.Release|Any CPU.Build.0 = Release|Any CPU
		{0AB6680D-A971-4CC8-B23E-3AE50D94523E}.Release|Mixed Platforms.ActiveCfg = Release|Any CPU
		{0AB6680D-A971-4CC8-B23E-3AE50D94523E}.Release|Mixed Platforms.Build.0 = Release|Any CPU
		{0AB6680D-A971-4CC8-B23E-3AE50D94523E}.Release|x86.ActiveCfg = Release|Any CPU
		{EA006889-88E1-4460-9024-63846F404FE4}.Debug|Any CPU.ActiveCfg = Debug|Any CPU
		{EA006889-88E1-4460-9024-63846F404FE4}.Debug|Any CPU.Build.0 = Debug|Any CPU
		{EA006889-88E1-4460-9024-63846F404FE4}.Debug|Mixed Platforms.ActiveCfg = Debug|Any CPU
		{EA006889-88E1-4460-9024-63846F404FE4}.Debug|Mixed Platforms.Build.0 = Debug|Any CPU
		{EA006889-88E1-4460-9024-63846F404FE4}.Debug|x86.ActiveCfg = Debug|Any CPU
		{EA006889-88E1-4460-9024-63846F404FE4}.Release|Any CPU.ActiveCfg = Release|Any CPU
		{EA006889-88E1-4460-9024-63846F404FE4}.Release|Any CPU.Build.0 = Release|Any CPU
		{EA006889-88E1-4460-9024-63846F404FE4}.Release|Mixed Platforms.ActiveCfg = Release|Any CPU
		{EA006889-88E1-4460-9024-63846F404FE4}.Release|Mixed Platforms.Build.0 = Release|Any CPU
		{EA006889-88E1-4460-9024-63846F404FE4}.Release|x86.ActiveCfg = Release|Any CPU
		{A9AAB607-1A50-4EED-9EA3-2AD2D95FFD48}.Debug|Any CPU.ActiveCfg = Debug|Any CPU
		{A9AAB607-1A50-4EED-9EA3-2AD2D95FFD48}.Debug|Any CPU.Build.0 = Debug|Any CPU
		{A9AAB607-1A50-4EED-9EA3-2AD2D95FFD48}.Debug|Mixed Platforms.ActiveCfg = Debug|Any CPU
		{A9AAB607-1A50-4EED-9EA3-2AD2D95FFD48}.Debug|Mixed Platforms.Build.0 = Debug|Any CPU
		{A9AAB607-1A50-4EED-9EA3-2AD2D95FFD48}.Debug|x86.ActiveCfg = Debug|Any CPU
		{A9AAB607-1A50-4EED-9EA3-2AD2D95FFD48}.Release|Any CPU.ActiveCfg = Release|Any CPU
		{A9AAB607-1A50-4EED-9EA3-2AD2D95FFD48}.Release|Any CPU.Build.0 = Release|Any CPU
		{A9AAB607-1A50-4EED-9EA3-2AD2D95FFD48}.Release|Mixed Platforms.ActiveCfg = Release|Any CPU
		{A9AAB607-1A50-4EED-9EA3-2AD2D95FFD48}.Release|Mixed Platforms.Build.0 = Release|Any CPU
		{A9AAB607-1A50-4EED-9EA3-2AD2D95FFD48}.Release|x86.ActiveCfg = Release|Any CPU
		{9E97F4EB-DA6D-4051-B927-C2F71EF1B854}.Debug|Any CPU.ActiveCfg = Debug|Any CPU
		{9E97F4EB-DA6D-4051-B927-C2F71EF1B854}.Debug|Any CPU.Build.0 = Debug|Any CPU
		{9E97F4EB-DA6D-4051-B927-C2F71EF1B854}.Debug|Mixed Platforms.ActiveCfg = Debug|Any CPU
		{9E97F4EB-DA6D-4051-B927-C2F71EF1B854}.Debug|Mixed Platforms.Build.0 = Debug|Any CPU
		{9E97F4EB-DA6D-4051-B927-C2F71EF1B854}.Debug|x86.ActiveCfg = Debug|Any CPU
		{9E97F4EB-DA6D-4051-B927-C2F71EF1B854}.Release|Any CPU.ActiveCfg = Release|Any CPU
		{9E97F4EB-DA6D-4051-B927-C2F71EF1B854}.Release|Any CPU.Build.0 = Release|Any CPU
		{9E97F4EB-DA6D-4051-B927-C2F71EF1B854}.Release|Mixed Platforms.ActiveCfg = Release|Any CPU
		{9E97F4EB-DA6D-4051-B927-C2F71EF1B854}.Release|Mixed Platforms.Build.0 = Release|Any CPU
		{9E97F4EB-DA6D-4051-B927-C2F71EF1B854}.Release|x86.ActiveCfg = Release|Any CPU
		{6AA62639-32F5-475D-92AF-8C79AA949582}.Debug|Any CPU.ActiveCfg = Debug|Any CPU
		{6AA62639-32F5-475D-92AF-8C79AA949582}.Debug|Any CPU.Build.0 = Debug|Any CPU
		{6AA62639-32F5-475D-92AF-8C79AA949582}.Debug|Mixed Platforms.ActiveCfg = Debug|Any CPU
		{6AA62639-32F5-475D-92AF-8C79AA949582}.Debug|Mixed Platforms.Build.0 = Debug|Any CPU
		{6AA62639-32F5-475D-92AF-8C79AA949582}.Debug|x86.ActiveCfg = Debug|Any CPU
		{6AA62639-32F5-475D-92AF-8C79AA949582}.Release|Any CPU.ActiveCfg = Release|Any CPU
		{6AA62639-32F5-475D-92AF-8C79AA949582}.Release|Any CPU.Build.0 = Release|Any CPU
		{6AA62639-32F5-475D-92AF-8C79AA949582}.Release|Mixed Platforms.ActiveCfg = Release|Any CPU
		{6AA62639-32F5-475D-92AF-8C79AA949582}.Release|Mixed Platforms.Build.0 = Release|Any CPU
		{6AA62639-32F5-475D-92AF-8C79AA949582}.Release|x86.ActiveCfg = Release|Any CPU
		{DA76B962-4E8E-42C9-8711-C500E3308D9A}.Debug|Any CPU.ActiveCfg = Debug|Any CPU
		{DA76B962-4E8E-42C9-8711-C500E3308D9A}.Debug|Any CPU.Build.0 = Debug|Any CPU
		{DA76B962-4E8E-42C9-8711-C500E3308D9A}.Debug|Mixed Platforms.ActiveCfg = Debug|Any CPU
		{DA76B962-4E8E-42C9-8711-C500E3308D9A}.Debug|Mixed Platforms.Build.0 = Debug|Any CPU
		{DA76B962-4E8E-42C9-8711-C500E3308D9A}.Debug|x86.ActiveCfg = Debug|Any CPU
		{DA76B962-4E8E-42C9-8711-C500E3308D9A}.Release|Any CPU.ActiveCfg = Release|Any CPU
		{DA76B962-4E8E-42C9-8711-C500E3308D9A}.Release|Any CPU.Build.0 = Release|Any CPU
		{DA76B962-4E8E-42C9-8711-C500E3308D9A}.Release|Mixed Platforms.ActiveCfg = Release|Any CPU
		{DA76B962-4E8E-42C9-8711-C500E3308D9A}.Release|Mixed Platforms.Build.0 = Release|Any CPU
		{DA76B962-4E8E-42C9-8711-C500E3308D9A}.Release|x86.ActiveCfg = Release|Any CPU
		{D91C75AC-6C49-4C48-89C8-40A4518057A3}.Debug|Any CPU.ActiveCfg = Debug|Any CPU
		{D91C75AC-6C49-4C48-89C8-40A4518057A3}.Debug|Any CPU.Build.0 = Debug|Any CPU
		{D91C75AC-6C49-4C48-89C8-40A4518057A3}.Debug|Mixed Platforms.ActiveCfg = Debug|Any CPU
		{D91C75AC-6C49-4C48-89C8-40A4518057A3}.Debug|Mixed Platforms.Build.0 = Debug|Any CPU
		{D91C75AC-6C49-4C48-89C8-40A4518057A3}.Debug|x86.ActiveCfg = Debug|Any CPU
		{D91C75AC-6C49-4C48-89C8-40A4518057A3}.Release|Any CPU.ActiveCfg = Release|Any CPU
		{D91C75AC-6C49-4C48-89C8-40A4518057A3}.Release|Any CPU.Build.0 = Release|Any CPU
		{D91C75AC-6C49-4C48-89C8-40A4518057A3}.Release|Mixed Platforms.ActiveCfg = Release|Any CPU
		{D91C75AC-6C49-4C48-89C8-40A4518057A3}.Release|Mixed Platforms.Build.0 = Release|Any CPU
		{D91C75AC-6C49-4C48-89C8-40A4518057A3}.Release|x86.ActiveCfg = Release|Any CPU
	EndGlobalSection
	GlobalSection(SolutionProperties) = preSolution
		HideSolutionNode = FALSE
	EndGlobalSection
	GlobalSection(NestedProjects) = preSolution
		{3B145C16-3E12-4D0C-A7A7-73AC86D0804D} = {68E480ED-A58A-4981-9683-029253B46343}
		{AFFE6C48-96FD-4CF5-A205-055732A90032} = {68E480ED-A58A-4981-9683-029253B46343}
		{89BAC01D-3187-40FA-9519-B35741523A60} = {68E480ED-A58A-4981-9683-029253B46343}
		{F8A0CC5C-F36C-403A-B369-5F66D3089D32} = {0C35961D-C1DC-4573-97B3-57E56A44D792}
		{4869C9EA-9CF1-4C55-A013-557546BFF510} = {0C35961D-C1DC-4573-97B3-57E56A44D792}
		{0AB6680D-A971-4CC8-B23E-3AE50D94523E} = {0C35961D-C1DC-4573-97B3-57E56A44D792}
		{EA006889-88E1-4460-9024-63846F404FE4} = {0C35961D-C1DC-4573-97B3-57E56A44D792}
		{A9AAB607-1A50-4EED-9EA3-2AD2D95FFD48} = {0C35961D-C1DC-4573-97B3-57E56A44D792}
		{9E97F4EB-DA6D-4051-B927-C2F71EF1B854} = {0C35961D-C1DC-4573-97B3-57E56A44D792}
		{6AA62639-32F5-475D-92AF-8C79AA949582} = {0C35961D-C1DC-4573-97B3-57E56A44D792}
		{DA76B962-4E8E-42C9-8711-C500E3308D9A} = {D05B29F2-71B7-4BF1-84D5-CD96FBB34368}
		{D91C75AC-6C49-4C48-89C8-40A4518057A3} = {D05B29F2-71B7-4BF1-84D5-CD96FBB34368}
	EndGlobalSection
EndGlobal
